// !$*UTF8*$!
{
	archiveVersion = 1;
	classes = {
	};
	objectVersion = 46;
	objects = {

/* Begin PBXBuildFile section */
		070BE26F1B43DADF007D19D7 /* main.m in Sources */ = {isa = PBXBuildFile; fileRef = 070BE26E1B43DADF007D19D7 /* main.m */; };
		070BE2721B43DADF007D19D7 /* AppDelegate.m in Sources */ = {isa = PBXBuildFile; fileRef = 070BE2711B43DADF007D19D7 /* AppDelegate.m */; };
		070BE2751B43DADF007D19D7 /* ViewController.m in Sources */ = {isa = PBXBuildFile; fileRef = 070BE2741B43DADF007D19D7 /* ViewController.m */; };
		070BE2781B43DADF007D19D7 /* Main.storyboard in Resources */ = {isa = PBXBuildFile; fileRef = 070BE2761B43DADF007D19D7 /* Main.storyboard */; };
		070BE27A1B43DADF007D19D7 /* Images.xcassets in Resources */ = {isa = PBXBuildFile; fileRef = 070BE2791B43DADF007D19D7 /* Images.xcassets */; };
		070BE27D1B43DADF007D19D7 /* LaunchScreen.xib in Resources */ = {isa = PBXBuildFile; fileRef = 070BE27B1B43DADF007D19D7 /* LaunchScreen.xib */; };
		070BE2891B43DADF007D19D7 /* Animation_testTests.m in Sources */ = {isa = PBXBuildFile; fileRef = 070BE2881B43DADF007D19D7 /* Animation_testTests.m */; };
		070BE2941B43E6C3007D19D7 /* Test1ViewController.m in Sources */ = {isa = PBXBuildFile; fileRef = 070BE2931B43E6C3007D19D7 /* Test1ViewController.m */; };
		070BE2961B43E70C007D19D7 /* message_default.png in Resources */ = {isa = PBXBuildFile; fileRef = 070BE2951B43E70C007D19D7 /* message_default.png */; };
		070BE2991B43EDA2007D19D7 /* Test2ViewController.m in Sources */ = {isa = PBXBuildFile; fileRef = 070BE2981B43EDA2007D19D7 /* Test2ViewController.m */; };
		07464FA81C0D6B81006EBA48 /* Test3ViewController.m in Sources */ = {isa = PBXBuildFile; fileRef = 07464FA71C0D6B81006EBA48 /* Test3ViewController.m */; };
		07464FAD1C0D7FD5006EBA48 /* MyView.m in Sources */ = {isa = PBXBuildFile; fileRef = 07464FAC1C0D7FD5006EBA48 /* MyView.m */; };
/* End PBXBuildFile section */

/* Begin PBXContainerItemProxy section */
		070BE2831B43DADF007D19D7 /* PBXContainerItemProxy */ = {
			isa = PBXContainerItemProxy;
			containerPortal = 070BE2611B43DADF007D19D7 /* Project object */;
			proxyType = 1;
			remoteGlobalIDString = 070BE2681B43DADF007D19D7;
			remoteInfo = Animation_test;
		};
/* End PBXContainerItemProxy section */

/* Begin PBXFileReference section */
		070BE2691B43DADF007D19D7 /* Animation_test.app */ = {isa = PBXFileReference; explicitFileType = wrapper.application; includeInIndex = 0; path = Animation_test.app; sourceTree = BUILT_PRODUCTS_DIR; };
		070BE26D1B43DADF007D19D7 /* Info.plist */ = {isa = PBXFileReference; lastKnownFileType = text.plist.xml; path = Info.plist; sourceTree = "<group>"; };
		070BE26E1B43DADF007D19D7 /* main.m */ = {isa = PBXFileReference; lastKnownFileType = sourcecode.c.objc; path = main.m; sourceTree = "<group>"; };
		070BE2701B43DADF007D19D7 /* AppDelegate.h */ = {isa = PBXFileReference; lastKnownFileType = sourcecode.c.h; path = AppDelegate.h; sourceTree = "<group>"; };
		070BE2711B43DADF007D19D7 /* AppDelegate.m */ = {isa = PBXFileReference; lastKnownFileType = sourcecode.c.objc; path = AppDelegate.m; sourceTree = "<group>"; };
		070BE2731B43DADF007D19D7 /* ViewController.h */ = {isa = PBXFileReference; lastKnownFileType = sourcecode.c.h; path = ViewController.h; sourceTree = "<group>"; };
		070BE2741B43DADF007D19D7 /* ViewController.m */ = {isa = PBXFileReference; lastKnownFileType = sourcecode.c.objc; path = ViewController.m; sourceTree = "<group>"; };
		070BE2771B43DADF007D19D7 /* Base */ = {isa = PBXFileReference; lastKnownFileType = file.storyboard; name = Base; path = Base.lproj/Main.storyboard; sourceTree = "<group>"; };
		070BE2791B43DADF007D19D7 /* Images.xcassets */ = {isa = PBXFileReference; lastKnownFileType = folder.assetcatalog; path = Images.xcassets; sourceTree = "<group>"; };
		070BE27C1B43DADF007D19D7 /* Base */ = {isa = PBXFileReference; lastKnownFileType = file.xib; name = Base; path = Base.lproj/LaunchScreen.xib; sourceTree = "<group>"; };
		070BE2821B43DADF007D19D7 /* Animation_testTests.xctest */ = {isa = PBXFileReference; explicitFileType = wrapper.cfbundle; includeInIndex = 0; path = Animation_testTests.xctest; sourceTree = BUILT_PRODUCTS_DIR; };
		070BE2871B43DADF007D19D7 /* Info.plist */ = {isa = PBXFileReference; lastKnownFileType = text.plist.xml; path = Info.plist; sourceTree = "<group>"; };
		070BE2881B43DADF007D19D7 /* Animation_testTests.m */ = {isa = PBXFileReference; lastKnownFileType = sourcecode.c.objc; path = Animation_testTests.m; sourceTree = "<group>"; };
		070BE2921B43E6C3007D19D7 /* Test1ViewController.h */ = {isa = PBXFileReference; fileEncoding = 4; lastKnownFileType = sourcecode.c.h; path = Test1ViewController.h; sourceTree = "<group>"; };
		070BE2931B43E6C3007D19D7 /* Test1ViewController.m */ = {isa = PBXFileReference; fileEncoding = 4; lastKnownFileType = sourcecode.c.objc; path = Test1ViewController.m; sourceTree = "<group>"; };
		070BE2951B43E70C007D19D7 /* message_default.png */ = {isa = PBXFileReference; lastKnownFileType = image.png; path = message_default.png; sourceTree = "<group>"; };
		070BE2971B43EDA2007D19D7 /* Test2ViewController.h */ = {isa = PBXFileReference; fileEncoding = 4; lastKnownFileType = sourcecode.c.h; path = Test2ViewController.h; sourceTree = "<group>"; };
		070BE2981B43EDA2007D19D7 /* Test2ViewController.m */ = {isa = PBXFileReference; fileEncoding = 4; lastKnownFileType = sourcecode.c.objc; path = Test2ViewController.m; sourceTree = "<group>"; };
		07464FA61C0D6B81006EBA48 /* Test3ViewController.h */ = {isa = PBXFileReference; fileEncoding = 4; lastKnownFileType = sourcecode.c.h; path = Test3ViewController.h; sourceTree = "<group>"; };
		07464FA71C0D6B81006EBA48 /* Test3ViewController.m */ = {isa = PBXFileReference; fileEncoding = 4; lastKnownFileType = sourcecode.c.objc; path = Test3ViewController.m; sourceTree = "<group>"; };
		07464FA91C0D7FAF006EBA48 /* AppDelegate.h */ = {isa = PBXFileReference; lastKnownFileType = sourcecode.c.h; path = AppDelegate.h; sourceTree = "<group>"; };
		07464FAB1C0D7FD5006EBA48 /* MyView.h */ = {isa = PBXFileReference; fileEncoding = 4; lastKnownFileType = sourcecode.c.h; path = MyView.h; sourceTree = "<group>"; };
		07464FAC1C0D7FD5006EBA48 /* MyView.m */ = {isa = PBXFileReference; fileEncoding = 4; lastKnownFileType = sourcecode.c.objc; path = MyView.m; sourceTree = "<group>"; };
/* End PBXFileReference section */

/* Begin PBXFrameworksBuildPhase section */
		070BE2661B43DADF007D19D7 /* Frameworks */ = {
			isa = PBXFrameworksBuildPhase;
			buildActionMask = 2147483647;
			files = (
			);
			runOnlyForDeploymentPostprocessing = 0;
		};
		070BE27F1B43DADF007D19D7 /* Frameworks */ = {
			isa = PBXFrameworksBuildPhase;
			buildActionMask = 2147483647;
			files = (
			);
			runOnlyForDeploymentPostprocessing = 0;
		};
/* End PBXFrameworksBuildPhase section */

/* Begin PBXGroup section */
		070BE2601B43DADF007D19D7 = {
			isa = PBXGroup;
			children = (
				070BE26B1B43DADF007D19D7 /* Animation_test */,
				070BE2851B43DADF007D19D7 /* Animation_testTests */,
				070BE26A1B43DADF007D19D7 /* Products */,
			);
			sourceTree = "<group>";
		};
		070BE26A1B43DADF007D19D7 /* Products */ = {
			isa = PBXGroup;
			children = (
				070BE2691B43DADF007D19D7 /* Animation_test.app */,
				070BE2821B43DADF007D19D7 /* Animation_testTests.xctest */,
			);
			name = Products;
			sourceTree = "<group>";
		};
		070BE26B1B43DADF007D19D7 /* Animation_test */ = {
			isa = PBXGroup;
			children = (
				07464FAA1C0D7FBB006EBA48 /* view */,
				07464FA91C0D7FAF006EBA48 /* AppDelegate.h */,
				070BE2701B43DADF007D19D7 /* AppDelegate.h */,
				070BE2711B43DADF007D19D7 /* AppDelegate.m */,
				070BE2731B43DADF007D19D7 /* ViewController.h */,
				070BE2741B43DADF007D19D7 /* ViewController.m */,
				070BE2761B43DADF007D19D7 /* Main.storyboard */,
				070BE2791B43DADF007D19D7 /* Images.xcassets */,
				070BE27B1B43DADF007D19D7 /* LaunchScreen.xib */,
				070BE26C1B43DADF007D19D7 /* Supporting Files */,
				070BE2921B43E6C3007D19D7 /* Test1ViewController.h */,
				070BE2931B43E6C3007D19D7 /* Test1ViewController.m */,
				070BE2971B43EDA2007D19D7 /* Test2ViewController.h */,
				070BE2981B43EDA2007D19D7 /* Test2ViewController.m */,
				07464FA61C0D6B81006EBA48 /* Test3ViewController.h */,
				07464FA71C0D6B81006EBA48 /* Test3ViewController.m */,
			);
			path = Animation_test;
			sourceTree = "<group>";
		};
		070BE26C1B43DADF007D19D7 /* Supporting Files */ = {
			isa = PBXGroup;
			children = (
				070BE2951B43E70C007D19D7 /* message_default.png */,
				070BE26D1B43DADF007D19D7 /* Info.plist */,
				070BE26E1B43DADF007D19D7 /* main.m */,
			);
			name = "Supporting Files";
			sourceTree = "<group>";
		};
		070BE2851B43DADF007D19D7 /* Animation_testTests */ = {
			isa = PBXGroup;
			children = (
				070BE2881B43DADF007D19D7 /* Animation_testTests.m */,
				070BE2861B43DADF007D19D7 /* Supporting Files */,
			);
			path = Animation_testTests;
			sourceTree = "<group>";
		};
		070BE2861B43DADF007D19D7 /* Supporting Files */ = {
			isa = PBXGroup;
			children = (
				070BE2871B43DADF007D19D7 /* Info.plist */,
			);
			name = "Supporting Files";
			sourceTree = "<group>";
		};
		07464FAA1C0D7FBB006EBA48 /* view */ = {
			isa = PBXGroup;
			children = (
				07464FAB1C0D7FD5006EBA48 /* MyView.h */,
				07464FAC1C0D7FD5006EBA48 /* MyView.m */,
			);
			path = view;
			sourceTree = "<group>";
		};
/* End PBXGroup section */

/* Begin PBXNativeTarget section */
		070BE2681B43DADF007D19D7 /* Animation_test */ = {
			isa = PBXNativeTarget;
			buildConfigurationList = 070BE28C1B43DADF007D19D7 /* Build configuration list for PBXNativeTarget "Animation_test" */;
			buildPhases = (
				070BE2651B43DADF007D19D7 /* Sources */,
				070BE2661B43DADF007D19D7 /* Frameworks */,
				070BE2671B43DADF007D19D7 /* Resources */,
			);
			buildRules = (
			);
			dependencies = (
			);
			name = Animation_test;
			productName = Animation_test;
			productReference = 070BE2691B43DADF007D19D7 /* Animation_test.app */;
			productType = "com.apple.product-type.application";
		};
		070BE2811B43DADF007D19D7 /* Animation_testTests */ = {
			isa = PBXNativeTarget;
			buildConfigurationList = 070BE28F1B43DADF007D19D7 /* Build configuration list for PBXNativeTarget "Animation_testTests" */;
			buildPhases = (
				070BE27E1B43DADF007D19D7 /* Sources */,
				070BE27F1B43DADF007D19D7 /* Frameworks */,
				070BE2801B43DADF007D19D7 /* Resources */,
			);
			buildRules = (
			);
			dependencies = (
				070BE2841B43DADF007D19D7 /* PBXTargetDependency */,
			);
			name = Animation_testTests;
			productName = Animation_testTests;
			productReference = 070BE2821B43DADF007D19D7 /* Animation_testTests.xctest */;
			productType = "com.apple.product-type.bundle.unit-test";
		};
/* End PBXNativeTarget section */

/* Begin PBXProject section */
		070BE2611B43DADF007D19D7 /* Project object */ = {
			isa = PBXProject;
			attributes = {
				LastUpgradeCheck = 0630;
				ORGANIZATIONNAME = "周建顺";
				TargetAttributes = {
					070BE2681B43DADF007D19D7 = {
						CreatedOnToolsVersion = 6.3;
					};
					070BE2811B43DADF007D19D7 = {
						CreatedOnToolsVersion = 6.3;
						TestTargetID = 070BE2681B43DADF007D19D7;
					};
				};
			};
			buildConfigurationList = 070BE2641B43DADF007D19D7 /* Build configuration list for PBXProject "Animation_test" */;
			compatibilityVersion = "Xcode 3.2";
			developmentRegion = English;
			hasScannedForEncodings = 0;
			knownRegions = (
				en,
				Base,
			);
			mainGroup = 070BE2601B43DADF007D19D7;
			productRefGroup = 070BE26A1B43DADF007D19D7 /* Products */;
			projectDirPath = "";
			projectRoot = "";
			targets = (
				070BE2681B43DADF007D19D7 /* Animation_test */,
				070BE2811B43DADF007D19D7 /* Animation_testTests */,
			);
		};
/* End PBXProject section */

/* Begin PBXResourcesBuildPhase section */
		070BE2671B43DADF007D19D7 /* Resources */ = {
			isa = PBXResourcesBuildPhase;
			buildActionMask = 2147483647;
			files = (
				070BE2781B43DADF007D19D7 /* Main.storyboard in Resources */,
				070BE27D1B43DADF007D19D7 /* LaunchScreen.xib in Resources */,
				070BE27A1B43DADF007D19D7 /* Images.xcassets in Resources */,
				070BE2961B43E70C007D19D7 /* message_default.png in Resources */,
			);
			runOnlyForDeploymentPostprocessing = 0;
		};
		070BE2801B43DADF007D19D7 /* Resources */ = {
			isa = PBXResourcesBuildPhase;
			buildActionMask = 2147483647;
			files = (
			);
			runOnlyForDeploymentPostprocessing = 0;
		};
/* End PBXResourcesBuildPhase section */

/* Begin PBXSourcesBuildPhase section */
		070BE2651B43DADF007D19D7 /* Sources */ = {
			isa = PBXSourcesBuildPhase;
			buildActionMask = 2147483647;
			files = (
				070BE2991B43EDA2007D19D7 /* Test2ViewController.m in Sources */,
				070BE2941B43E6C3007D19D7 /* Test1ViewController.m in Sources */,
				07464FA81C0D6B81006EBA48 /* Test3ViewController.m in Sources */,
				070BE2751B43DADF007D19D7 /* ViewController.m in Sources */,
				070BE2721B43DADF007D19D7 /* AppDelegate.m in Sources */,
				070BE26F1B43DADF007D19D7 /* main.m in Sources */,
				07464FAD1C0D7FD5006EBA48 /* MyView.m in Sources */,
			);
			runOnlyForDeploymentPostprocessing = 0;
		};
		070BE27E1B43DADF007D19D7 /* Sources */ = {
			isa = PBXSourcesBuildPhase;
			buildActionMask = 2147483647;
			files = (
				070BE2891B43DADF007D19D7 /* Animation_testTests.m in Sources */,
			);
			runOnlyForDeploymentPostprocessing = 0;
		};
/* End PBXSourcesBuildPhase section */

/* Begin PBXTargetDependency section */
		070BE2841B43DADF007D19D7 /* PBXTargetDependency */ = {
			isa = PBXTargetDependency;
			target = 070BE2681B43DADF007D19D7 /* Animation_test */;
			targetProxy = 070BE2831B43DADF007D19D7 /* PBXContainerItemProxy */;
		};
/* End PBXTargetDependency section */

/* Begin PBXVariantGroup section */
		070BE2761B43DADF007D19D7 /* Main.storyboard */ = {
			isa = PBXVariantGroup;
			children = (
				070BE2771B43DADF007D19D7 /* Base */,
			);
			name = Main.storyboard;
			sourceTree = "<group>";
		};
		070BE27B1B43DADF007D19D7 /* LaunchScreen.xib */ = {
			isa = PBXVariantGroup;
			children = (
				070BE27C1B43DADF007D19D7 /* Base */,
			);
			name = LaunchScreen.xib;
			sourceTree = "<group>";
		};
/* End PBXVariantGroup section */

/* Begin XCBuildConfiguration section */
		070BE28A1B43DADF007D19D7 /* Debug */ = {
			isa = XCBuildConfiguration;
			buildSettings = {
				ALWAYS_SEARCH_USER_PATHS = NO;
				CLANG_CXX_LANGUAGE_STANDARD = "gnu++0x";
				CLANG_CXX_LIBRARY = "libc++";
				CLANG_ENABLE_MODULES = YES;
				CLANG_ENABLE_OBJC_ARC = YES;
				CLANG_WARN_BOOL_CONVERSION = YES;
				CLANG_WARN_CONSTANT_CONVERSION = YES;
				CLANG_WARN_DIRECT_OBJC_ISA_USAGE = YES_ERROR;
				CLANG_WARN_EMPTY_BODY = YES;
				CLANG_WARN_ENUM_CONVERSION = YES;
				CLANG_WARN_INT_CONVERSION = YES;
				CLANG_WARN_OBJC_ROOT_CLASS = YES_ERROR;
				CLANG_WARN_UNREACHABLE_CODE = YES;
				CLANG_WARN__DUPLICATE_METHOD_MATCH = YES;
				"CODE_SIGN_IDENTITY[sdk=iphoneos*]" = "iPhone Developer";
				COPY_PHASE_STRIP = NO;
				DEBUG_INFORMATION_FORMAT = "dwarf-with-dsym";
				ENABLE_STRICT_OBJC_MSGSEND = YES;
				GCC_C_LANGUAGE_STANDARD = gnu99;
				GCC_DYNAMIC_NO_PIC = NO;
				GCC_NO_COMMON_BLOCKS = YES;
				GCC_OPTIMIZATION_LEVEL = 0;
				GCC_PREPROCESSOR_DEFINITIONS = (
					"DEBUG=1",
					"$(inherited)",
				);
				GCC_SYMBOLS_PRIVATE_EXTERN = NO;
				GCC_WARN_64_TO_32_BIT_CONVERSION = YES;
				GCC_WARN_ABOUT_RETURN_TYPE = YES_ERROR;
				GCC_WARN_UNDECLARED_SELECTOR = YES;
				GCC_WARN_UNINITIALIZED_AUTOS = YES_AGGRESSIVE;
				GCC_WARN_UNUSED_FUNCTION = YES;
				GCC_WARN_UNUSED_VARIABLE = YES;
				IPHONEOS_DEPLOYMENT_TARGET = 8.3;
				MTL_ENABLE_DEBUG_INFO = YES;
				ONLY_ACTIVE_ARCH = YES;
				SDKROOT = iphoneos;
				TARGETED_DEVICE_FAMILY = "1,2";
			};
			name = Debug;
		};
		070BE28B1B43DADF007D19D7 /* Release */ = {
			isa = XCBuildConfiguration;
			buildSettings = {
				ALWAYS_SEARCH_USER_PATHS = NO;
				CLANG_CXX_LANGUAGE_STANDARD = "gnu++0x";
				CLANG_CXX_LIBRARY = "libc++";
				CLANG_ENABLE_MODULES = YES;
				CLANG_ENABLE_OBJC_ARC = YES;
				CLANG_WARN_BOOL_CONVERSION = YES;
				CLANG_WARN_CONSTANT_CONVERSION = YES;
				CLANG_WARN_DIRECT_OBJC_ISA_USAGE = YES_ERROR;
				CLANG_WARN_EMPTY_BODY = YES;
				CLANG_WARN_ENUM_CONVERSION = YES;
				CLANG_WARN_INT_CONVERSION = YES;
				CLANG_WARN_OBJC_ROOT_CLASS = YES_ERROR;
				CLANG_WARN_UNREACHABLE_CODE = YES;
				CLANG_WARN__DUPLICATE_METHOD_MATCH = YES;
				"CODE_SIGN_IDENTITY[sdk=iphoneos*]" = "iPhone Developer";
				COPY_PHASE_STRIP = NO;
				DEBUG_INFORMATION_FORMAT = "dwarf-with-dsym";
				ENABLE_NS_ASSERTIONS = NO;
				ENABLE_STRICT_OBJC_MSGSEND = YES;
				GCC_C_LANGUAGE_STANDARD = gnu99;
				GCC_NO_COMMON_BLOCKS = YES;
				GCC_WARN_64_TO_32_BIT_CONVERSION = YES;
				GCC_WARN_ABOUT_RETURN_TYPE = YES_ERROR;
				GCC_WARN_UNDECLARED_SELECTOR = YES;
				GCC_WARN_UNINITIALIZED_AUTOS = YES_AGGRESSIVE;
				GCC_WARN_UNUSED_FUNCTION = YES;
				GCC_WARN_UNUSED_VARIABLE = YES;
				IPHONEOS_DEPLOYMENT_TARGET = 8.3;
				MTL_ENABLE_DEBUG_INFO = NO;
				SDKROOT = iphoneos;
				TARGETED_DEVICE_FAMILY = "1,2";
				VALIDATE_PRODUCT = YES;
			};
			name = Release;
		};
		070BE28D1B43DADF007D19D7 /* Debug */ = {
			isa = XCBuildConfiguration;
			buildSettings = {
				ASSETCATALOG_COMPILER_APPICON_NAME = AppIcon;
				INFOPLIST_FILE = Animation_test/Info.plist;
				IPHONEOS_DEPLOYMENT_TARGET = 7.1;
				LD_RUNPATH_SEARCH_PATHS = "$(inherited) @executable_path/Frameworks";
				PRODUCT_NAME = "$(TARGET_NAME)";
			};
			name = Debug;
		};
		070BE28E1B43DADF007D19D7 /* Release */ = {
			isa = XCBuildConfiguration;
			buildSettings = {
				ASSETCATALOG_COMPILER_APPICON_NAME = AppIcon;
				INFOPLIST_FILE = Animation_test/Info.plist;
				IPHONEOS_DEPLOYMENT_TARGET = 7.1;
				LD_RUNPATH_SEARCH_PATHS = "$(inherited) @executable_path/Frameworks";
				PRODUCT_NAME = "$(TARGET_NAME)";
			};
			name = Release;
		};
		070BE2901B43DADF007D19D7 /* Debug */ = {
			isa = XCBuildConfiguration;
			buildSettings = {
				BUNDLE_LOADER = "$(TEST_HOST)";
				FRAMEWORK_SEARCH_PATHS = (
					"$(SDKROOT)/Developer/Library/Frameworks",
					"$(inherited)",
				);
				GCC_PREPROCESSOR_DEFINITIONS = (
					"DEBUG=1",
					"$(inherited)",
				);
				INFOPLIST_FILE = Animation_testTests/Info.plist;
				LD_RUNPATH_SEARCH_PATHS = "$(inherited) @executable_path/Frameworks @loader_path/Frameworks";
				PRODUCT_NAME = "$(TARGET_NAME)";
				TEST_HOST = "$(BUILT_PRODUCTS_DIR)/Animation_test.app/Animation_test";
			};
			name = Debug;
		};
		070BE2911B43DADF007D19D7 /* Release */ = {
			isa = XCBuildConfiguration;
			buildSettings = {
				BUNDLE_LOADER = "$(TEST_HOST)";
				FRAMEWORK_SEARCH_PATHS = (
					"$(SDKROOT)/Developer/Library/Frameworks",
					"$(inherited)",
				);
				INFOPLIST_FILE = Animation_testTests/Info.plist;
				LD_RUNPATH_SEARCH_PATHS = "$(inherited) @executable_path/Frameworks @loader_path/Frameworks";
				PRODUCT_NAME = "$(TARGET_NAME)";
				TEST_HOST = "$(BUILT_PRODUCTS_DIR)/Animation_test.app/Animation_test";
			};
			name = Release;
		};
/* End XCBuildConfiguration section */

/* Begin XCConfigurationList section */
		070BE2641B43DADF007D19D7 /* Build configuration list for PBXProject "Animation_test" */ = {
			isa = XCConfigurationList;
			buildConfigurations = (
				070BE28A1B43DADF007D19D7 /* Debug */,
				070BE28B1B43DADF007D19D7 /* Release */,
			);
			defaultConfigurationIsVisible = 0;
			defaultConfigurationName = Release;
		};
		070BE28C1B43DADF007D19D7 /* Build configuration list for PBXNativeTarget "Animation_test" */ = {
			isa = XCConfigurationList;
			buildConfigurations = (
				070BE28D1B43DADF007D19D7 /* Debug */,
				070BE28E1B43DADF007D19D7 /* Release */,
			);
			defaultConfigurationIsVisible = 0;
			defaultConfigurationName = Release;
		};
		070BE28F1B43DADF007D19D7 /* Build configuration list for PBXNativeTarget "Animation_testTests" */ = {
			isa = XCConfigurationList;
			buildConfigurations = (
				070BE2901B43DADF007D19D7 /* Debug */,
				070BE2911B43DADF007D19D7 /* Release */,
			);
			defaultConfigurationIsVisible = 0;
			defaultConfigurationName = Release;
		};
/* End XCConfigurationList section */
	};
	rootObject = 070BE2611B43DADF007D19D7 /* Project object */;
}
